
Microsoft Visual Studio Solution File, Format Version 12.00
# Visual Studio Version 17
VisualStudioVersion = 17.6.33829.357
MinimumVisualStudioVersion = 10.0.40219.1
Project("{9A19103F-16F7-4668-BE54-9A1E7A4F7556}") = "ControllerFreeze", "ControllerFreeze\ControllerFreeze.csproj", "{AD416331-DD29-4691-8DB8-77C06FF34FEE}"
EndProject
Project("{9A19103F-16F7-4668-BE54-9A1E7A4F7556}") = "JoinMe", "JoinMe\JoinMe.csproj", "{4EAB7BA8-88E2-40D9-9201-A6E36B1BAA1E}"
EndProject
Project("{9A19103F-16F7-4668-BE54-9A1E7A4F7556}") = "LimbGrabber", "LimbGrabber\LimbGrabber.csproj", "{723F3D56-DD20-44B8-AF66-C82FC370033B}"
EndProject
Project("{9A19103F-16F7-4668-BE54-9A1E7A4F7556}") = "PlayerRotator", "PlayerRotator\PlayerRotator.csproj", "{452BB8AB-1900-4768-97F2-EE12F4BDAED5}"
EndProject
Project("{9A19103F-16F7-4668-BE54-9A1E7A4F7556}") = "CVRLimbsGrabber", "LimbGrabber\LimbGrabberCompat\CVRLimbsGrabber.csproj", "{82635326-E5ED-49C2-AF51-146F2D94DBD2}"
EndProject
Global
	GlobalSection(SolutionConfigurationPlatforms) = preSolution
		BIE5_Mono|Any CPU = BIE5_Mono|Any CPU
		BIE6_Mono|Any CPU = BIE6_Mono|Any CPU
		BIE6_Unity_Mono|Any CPU = BIE6_Unity_Mono|Any CPU
		ML_Mono|Any CPU = ML_Mono|Any CPU
	EndGlobalSection
	GlobalSection(ProjectConfigurationPlatforms) = postSolution
		{AD416331-DD29-4691-8DB8-77C06FF34FEE}.BIE5_Mono|Any CPU.ActiveCfg = BIE5_Mono|Any CPU
		{AD416331-DD29-4691-8DB8-77C06FF34FEE}.BIE5_Mono|Any CPU.Build.0 = BIE5_Mono|Any CPU
		{AD416331-DD29-4691-8DB8-77C06FF34FEE}.BIE6_Mono|Any CPU.ActiveCfg = BIE6_Mono|Any CPU
		{AD416331-DD29-4691-8DB8-77C06FF34FEE}.BIE6_Mono|Any CPU.Build.0 = BIE6_Mono|Any CPU
		{AD416331-DD29-4691-8DB8-77C06FF34FEE}.BIE6_Unity_Mono|Any CPU.ActiveCfg = BIE6_Unity_Mono|Any CPU
		{AD416331-DD29-4691-8DB8-77C06FF34FEE}.BIE6_Unity_Mono|Any CPU.Build.0 = BIE6_Unity_Mono|Any CPU
		{AD416331-DD29-4691-8DB8-77C06FF34FEE}.ML_Mono|Any CPU.ActiveCfg = ML_Mono|Any CPU
		{AD416331-DD29-4691-8DB8-77C06FF34FEE}.ML_Mono|Any CPU.Build.0 = ML_Mono|Any CPU
		{4EAB7BA8-88E2-40D9-9201-A6E36B1BAA1E}.BIE5_Mono|Any CPU.ActiveCfg = BIE5_Mono|Any CPU
		{4EAB7BA8-88E2-40D9-9201-A6E36B1BAA1E}.BIE5_Mono|Any CPU.Build.0 = BIE5_Mono|Any CPU
		{4EAB7BA8-88E2-40D9-9201-A6E36B1BAA1E}.BIE6_Mono|Any CPU.ActiveCfg = BIE6_Mono|Any CPU
		{4EAB7BA8-88E2-40D9-9201-A6E36B1BAA1E}.BIE6_Mono|Any CPU.Build.0 = BIE6_Mono|Any CPU
		{4EAB7BA8-88E2-40D9-9201-A6E36B1BAA1E}.BIE6_Unity_Mono|Any CPU.ActiveCfg = BIE6_Unity_Mono|Any CPU
		{4EAB7BA8-88E2-40D9-9201-A6E36B1BAA1E}.BIE6_Unity_Mono|Any CPU.Build.0 = BIE6_Unity_Mono|Any CPU
		{4EAB7BA8-88E2-40D9-9201-A6E36B1BAA1E}.ML_Mono|Any CPU.ActiveCfg = ML_Mono|Any CPU
		{4EAB7BA8-88E2-40D9-9201-A6E36B1BAA1E}.ML_Mono|Any CPU.Build.0 = ML_Mono|Any CPU
		{723F3D56-DD20-44B8-AF66-C82FC370033B}.BIE5_Mono|Any CPU.ActiveCfg = BIE5_Mono|Any CPU
		{723F3D56-DD20-44B8-AF66-C82FC370033B}.BIE5_Mono|Any CPU.Build.0 = BIE5_Mono|Any CPU
		{723F3D56-DD20-44B8-AF66-C82FC370033B}.BIE6_Mono|Any CPU.ActiveCfg = BIE6_Mono|Any CPU
		{723F3D56-DD20-44B8-AF66-C82FC370033B}.BIE6_Mono|Any CPU.Build.0 = BIE6_Mono|Any CPU
		{723F3D56-DD20-44B8-AF66-C82FC370033B}.BIE6_Unity_Mono|Any CPU.ActiveCfg = BIE6_Unity_Mono|Any CPU
		{723F3D56-DD20-44B8-AF66-C82FC370033B}.BIE6_Unity_Mono|Any CPU.Build.0 = BIE6_Unity_Mono|Any CPU
		{723F3D56-DD20-44B8-AF66-C82FC370033B}.ML_Mono|Any CPU.ActiveCfg = ML_Mono|Any CPU
		{723F3D56-DD20-44B8-AF66-C82FC370033B}.ML_Mono|Any CPU.Build.0 = ML_Mono|Any CPU
		{452BB8AB-1900-4768-97F2-EE12F4BDAED5}.BIE5_Mono|Any CPU.ActiveCfg = BIE5_Mono|Any CPU
		{452BB8AB-1900-4768-97F2-EE12F4BDAED5}.BIE5_Mono|Any CPU.Build.0 = BIE5_Mono|Any CPU
		{452BB8AB-1900-4768-97F2-EE12F4BDAED5}.BIE6_Mono|Any CPU.ActiveCfg = BIE6_Mono|Any CPU
		{452BB8AB-1900-4768-97F2-EE12F4BDAED5}.BIE6_Mono|Any CPU.Build.0 = BIE6_Mono|Any CPU
		{452BB8AB-1900-4768-97F2-EE12F4BDAED5}.BIE6_Unity_Mono|Any CPU.ActiveCfg = BIE6_Unity_Mono|Any CPU
		{452BB8AB-1900-4768-97F2-EE12F4BDAED5}.BIE6_Unity_Mono|Any CPU.Build.0 = BIE6_Unity_Mono|Any CPU
		{452BB8AB-1900-4768-97F2-EE12F4BDAED5}.ML_Mono|Any CPU.ActiveCfg = ML_Mono|Any CPU
		{452BB8AB-1900-4768-97F2-EE12F4BDAED5}.ML_Mono|Any CPU.Build.0 = ML_Mono|Any CPU
		{82635326-E5ED-49C2-AF51-146F2D94DBD2}.BIE5_Mono|Any CPU.ActiveCfg = BIE5_Mono|Any CPU
		{82635326-E5ED-49C2-AF51-146F2D94DBD2}.BIE5_Mono|Any CPU.Build.0 = BIE5_Mono|Any CPU
		{82635326-E5ED-49C2-AF51-146F2D94DBD2}.BIE6_Mono|Any CPU.ActiveCfg = BIE6_Mono|Any CPU
		{82635326-E5ED-49C2-AF51-146F2D94DBD2}.BIE6_Mono|Any CPU.Build.0 = BIE6_Mono|Any CPU
		{82635326-E5ED-49C2-AF51-146F2D94DBD2}.BIE6_Unity_Mono|Any CPU.ActiveCfg = BIE6_Unity_Mono|Any CPU
		{82635326-E5ED-49C2-AF51-146F2D94DBD2}.BIE6_Unity_Mono|Any CPU.Build.0 = BIE6_Unity_Mono|Any CPU
		{82635326-E5ED-49C2-AF51-146F2D94DBD2}.ML_Mono|Any CPU.ActiveCfg = ML_Mono|Any CPU
		{82635326-E5ED-49C2-AF51-146F2D94DBD2}.ML_Mono|Any CPU.Build.0 = ML_Mono|Any CPU
	EndGlobalSection
	GlobalSection(SolutionProperties) = preSolution
		HideSolutionNode = FALSE
	EndGlobalSection
	GlobalSection(ExtensibilityGlobals) = postSolution
		SolutionGuid = {2B896FF0-9E95-4D57-8DB5-923D9B17115E}
	EndGlobalSection
EndGlobal
